
Microsoft Visual Studio Solution File, Format Version 12.00
# Visual Studio Version 16
VisualStudioVersion = 16.0.31613.86
MinimumVisualStudioVersion = 10.0.40219.1
Project("{9A19103F-16F7-4668-BE54-9A1E7A4F7556}") = "Droxid", "Droxid\Droxid.csproj", "{9DC78586-26A5-4827-BA32-D26396C191AA}"
EndProject
Project("{9A19103F-16F7-4668-BE54-9A1E7A4F7556}") = "DroxidClient", "DroxidClient\DroxidClient.csproj", "{C5433E3E-FAA6-45A2-81A9-5CC7814B092D}"
EndProject
Project("{9A19103F-16F7-4668-BE54-9A1E7A4F7556}") = "DroxidGUI", "DroxidGUI\DroxidGUI.csproj", "{7D4265B9-63AB-4316-B954-B6D26DBEA748}"
EndProject
Project("{FAE04EC0-301F-11D3-BF4B-00C04F79EFBC}") = "DroxidCLI", "DroxidCLI\DroxidCLI.csproj", "{7261853B-94C0-4B67-8078-B44768C7BDBB}"
EndProject
Global
	GlobalSection(SolutionConfigurationPlatforms) = preSolution
		Debug|Any CPU = Debug|Any CPU
		Release|Any CPU = Release|Any CPU
	EndGlobalSection
	GlobalSection(ProjectConfigurationPlatforms) = postSolution
		{9DC78586-26A5-4827-BA32-D26396C191AA}.Debug|Any CPU.ActiveCfg = Debug|Any CPU
		{9DC78586-26A5-4827-BA32-D26396C191AA}.Debug|Any CPU.Build.0 = Debug|Any CPU
		{9DC78586-26A5-4827-BA32-D26396C191AA}.Release|Any CPU.ActiveCfg = Release|Any CPU
		{9DC78586-26A5-4827-BA32-D26396C191AA}.Release|Any CPU.Build.0 = Release|Any CPU
		{C5433E3E-FAA6-45A2-81A9-5CC7814B092D}.Debug|Any CPU.ActiveCfg = Debug|Any CPU
		{C5433E3E-FAA6-45A2-81A9-5CC7814B092D}.Debug|Any CPU.Build.0 = Debug|Any CPU
		{C5433E3E-FAA6-45A2-81A9-5CC7814B092D}.Release|Any CPU.ActiveCfg = Release|Any CPU
		{C5433E3E-FAA6-45A2-81A9-5CC7814B092D}.Release|Any CPU.Build.0 = Release|Any CPU
		{7D4265B9-63AB-4316-B954-B6D26DBEA748}.Debug|Any CPU.ActiveCfg = Debug|Any CPU
		{7D4265B9-63AB-4316-B954-B6D26DBEA748}.Debug|Any CPU.Build.0 = Debug|Any CPU
		{7D4265B9-63AB-4316-B954-B6D26DBEA748}.Release|Any CPU.ActiveCfg = Release|Any CPU
		{7D4265B9-63AB-4316-B954-B6D26DBEA748}.Release|Any CPU.Build.0 = Release|Any CPU
		{7261853B-94C0-4B67-8078-B44768C7BDBB}.Debug|Any CPU.ActiveCfg = Debug|Any CPU
		{7261853B-94C0-4B67-8078-B44768C7BDBB}.Debug|Any CPU.Build.0 = Debug|Any CPU
		{7261853B-94C0-4B67-8078-B44768C7BDBB}.Release|Any CPU.ActiveCfg = Release|Any CPU
		{7261853B-94C0-4B67-8078-B44768C7BDBB}.Release|Any CPU.Build.0 = Release|Any CPU
	EndGlobalSection
	GlobalSection(SolutionProperties) = preSolution
		HideSolutionNode = FALSE
	EndGlobalSection
	GlobalSection(ExtensibilityGlobals) = postSolution
		SolutionGuid = {B4B3A2BD-A928-46DB-8079-C9498AB805B6}
	EndGlobalSection
EndGlobal
